
Microsoft Visual Studio Solution File, Format Version 12.00
# Visual Studio Version 17
VisualStudioVersion = 17.14.36414.22 d17.14
MinimumVisualStudioVersion = 10.0.40219.1
Project("{FAE04EC0-301F-11D3-BF4B-00C04F79EFBC}") = "HydraulicsCalculatorApp", "HydraulicsCalculatorApp\HydraulicsCalculatorApp.csproj", "{5329B530-469B-42D5-8C47-0F6DCF6F1845}"
EndProject
Global
	GlobalSection(SolutionConfigurationPlatforms) = preSolution
		Debug|Any CPU = Debug|Any CPU
		Release|Any CPU = Release|Any CPU
	EndGlobalSection
	GlobalSection(ProjectConfigurationPlatforms) = postSolution
		{5329B530-469B-42D5-8C47-0F6DCF6F1845}.Debug|Any CPU.ActiveCfg = Debug|Any CPU
		{5329B530-469B-42D5-8C47-0F6DCF6F1845}.Debug|Any CPU.Build.0 = Debug|Any CPU
		{5329B530-469B-42D5-8C47-0F6DCF6F1845}.Release|Any CPU.ActiveCfg = Release|Any CPU
		{5329B530-469B-42D5-8C47-0F6DCF6F1845}.Release|Any CPU.Build.0 = Release|Any CPU
	EndGlobalSection
	GlobalSection(SolutionProperties) = preSolution
		HideSolutionNode = FALSE
	EndGlobalSection
	GlobalSection(ExtensibilityGlobals) = postSolution
		SolutionGuid = {978D1E6F-97C9-41DF-956C-4B7318B65FDB}
	EndGlobalSection
EndGlobal
